// !$*UTF8*$!
{
	archiveVersion = 1;
	classes = {
	};
	objectVersion = 77;
	objects = {

/* Begin PBXBuildFile section */
		1A4FBB7395B4678F36FBC913 /* AppModel.swift in Sources */ = {isa = PBXBuildFile; fileRef = 127C402D83001886C2A0DCF5 /* AppModel.swift */; };
		205146FD2EF85C65309FC22A /* AIEnglishTutorApp.swift in Sources */ = {isa = PBXBuildFile; fileRef = 227A5800DFDECC531FB38D30 /* AIEnglishTutorApp.swift */; };
		25DF7F9B9FB72E394F3D37F0 /* StatusPillView.swift in Sources */ = {isa = PBXBuildFile; fileRef = 059630DEC81397E95A7229F8 /* StatusPillView.swift */; };
		28D9F70ECE4C43C77CA52B9E /* VoiceOrbView.swift in Sources */ = {isa = PBXBuildFile; fileRef = F9D8ABCFD2810006D218FCAE /* VoiceOrbView.swift */; };
		30F4EEB991E72ED63538DD30 /* MarkdownDocument.swift in Sources */ = {isa = PBXBuildFile; fileRef = 36BB086E7B7D5DC2E0446848 /* MarkdownDocument.swift */; };
		34E408064E260A5C0E77986B /* PracticeRecordService.swift in Sources */ = {isa = PBXBuildFile; fileRef = 558E23115CF313DC28E11898 /* PracticeRecordService.swift */; };
		54A6FACC64D39EC45A234EAB /* MarkdownStoreTests.swift in Sources */ = {isa = PBXBuildFile; fileRef = 18DD3D2A079F481E486890FA /* MarkdownStoreTests.swift */; };
		5D4D0EE2139C0DE5368FEE92 /* PracticePreparationService.swift in Sources */ = {isa = PBXBuildFile; fileRef = D5384EA4FF51830A4AD61BED /* PracticePreparationService.swift */; };
		5D8E196578E1247D18429426 /* PracticeRecord.swift in Sources */ = {isa = PBXBuildFile; fileRef = 8D542AD9039BE3B0D02F8CE2 /* PracticeRecord.swift */; };
		6D79F11550A29AB40C9965CA /* AuthService.swift in Sources */ = {isa = PBXBuildFile; fileRef = E5BD36E9ED91E13BD8BDA035 /* AuthService.swift */; };
		8EB28C12FFA8A8C320ECC1F7 /* PracticeRecordServiceTests.swift in Sources */ = {isa = PBXBuildFile; fileRef = 172D38D034E529DFBFCCA927 /* PracticeRecordServiceTests.swift */; };
		98C01F58856C2B591088A3F8 /* AIEnglishTutorTests.swift in Sources */ = {isa = PBXBuildFile; fileRef = 29A26F73BC256DAE290D8166 /* AIEnglishTutorTests.swift */; };
		9CA5AF0052DFB0D0E890409D /* RealtimeVoiceServiceTests.swift in Sources */ = {isa = PBXBuildFile; fileRef = E2A144A850728FE4982B6219 /* RealtimeVoiceServiceTests.swift */; };
		BA07D80E71E94C92E7A0FB95 /* MainVoiceChatView.swift in Sources */ = {isa = PBXBuildFile; fileRef = F5F01E3672BDFF0EA0AD52F3 /* MainVoiceChatView.swift */; };
		C08DE70F19E87D9C4354BE95 /* PracticePreparationServiceTests.swift in Sources */ = {isa = PBXBuildFile; fileRef = EEEC45121AE70D5C808BA417 /* PracticePreparationServiceTests.swift */; };
		C25FD133C8D176C2CF5706B2 /* VoiceSessionLog.swift in Sources */ = {isa = PBXBuildFile; fileRef = 912EE91A07F1ADFB32DFE87B /* VoiceSessionLog.swift */; };
		CF76A335F201FEDDA48D6BA9 /* SettingsView.swift in Sources */ = {isa = PBXBuildFile; fileRef = 8E57597ADC1892C2A3302D59 /* SettingsView.swift */; };
		D1B7A1CC7C30688AB1EADA0E /* RealtimeVoiceService.swift in Sources */ = {isa = PBXBuildFile; fileRef = FD1DFFB72A5A7C5CF2B11ECD /* RealtimeVoiceService.swift */; };
		E9332CE80A144120908C5B4C /* PracticeSelection.swift in Sources */ = {isa = PBXBuildFile; fileRef = DDD7624A44760F9260036699 /* PracticeSelection.swift */; };
		ED79214C0BA2630F44EDE077 /* MarkdownStore.swift in Sources */ = {isa = PBXBuildFile; fileRef = 0FDFBD5C4916BE205C5E10D8 /* MarkdownStore.swift */; };
/* End PBXBuildFile section */

/* Begin PBXContainerItemProxy section */
		31430C9519923BCB13B33EE3 /* PBXContainerItemProxy */ = {
			isa = PBXContainerItemProxy;
			containerPortal = D1A4ED467808944F0C7172E9 /* Project object */;
			proxyType = 1;
			remoteGlobalIDString = 404B38ECA9C9C27A34E47BD4;
			remoteInfo = AIEnglishTutor;
		};
/* End PBXContainerItemProxy section */

/* Begin PBXFileReference section */
		059630DEC81397E95A7229F8 /* StatusPillView.swift */ = {isa = PBXFileReference; lastKnownFileType = sourcecode.swift; path = StatusPillView.swift; sourceTree = "<group>"; };
		0FDFBD5C4916BE205C5E10D8 /* MarkdownStore.swift */ = {isa = PBXFileReference; lastKnownFileType = sourcecode.swift; path = MarkdownStore.swift; sourceTree = "<group>"; };
		127C402D83001886C2A0DCF5 /* AppModel.swift */ = {isa = PBXFileReference; lastKnownFileType = sourcecode.swift; path = AppModel.swift; sourceTree = "<group>"; };
		172D38D034E529DFBFCCA927 /* PracticeRecordServiceTests.swift */ = {isa = PBXFileReference; lastKnownFileType = sourcecode.swift; path = PracticeRecordServiceTests.swift; sourceTree = "<group>"; };
		18DD3D2A079F481E486890FA /* MarkdownStoreTests.swift */ = {isa = PBXFileReference; lastKnownFileType = sourcecode.swift; path = MarkdownStoreTests.swift; sourceTree = "<group>"; };
		227A5800DFDECC531FB38D30 /* AIEnglishTutorApp.swift */ = {isa = PBXFileReference; lastKnownFileType = sourcecode.swift; path = AIEnglishTutorApp.swift; sourceTree = "<group>"; };
		29A26F73BC256DAE290D8166 /* AIEnglishTutorTests.swift */ = {isa = PBXFileReference; lastKnownFileType = sourcecode.swift; path = AIEnglishTutorTests.swift; sourceTree = "<group>"; };
		36BB086E7B7D5DC2E0446848 /* MarkdownDocument.swift */ = {isa = PBXFileReference; lastKnownFileType = sourcecode.swift; path = MarkdownDocument.swift; sourceTree = "<group>"; };
		386E993C4260A39455BBBD0D /* AIEnglishTutor.app */ = {isa = PBXFileReference; includeInIndex = 0; lastKnownFileType = wrapper.application; path = AIEnglishTutor.app; sourceTree = BUILT_PRODUCTS_DIR; };
		558E23115CF313DC28E11898 /* PracticeRecordService.swift */ = {isa = PBXFileReference; lastKnownFileType = sourcecode.swift; path = PracticeRecordService.swift; sourceTree = "<group>"; };
		8D542AD9039BE3B0D02F8CE2 /* PracticeRecord.swift */ = {isa = PBXFileReference; lastKnownFileType = sourcecode.swift; path = PracticeRecord.swift; sourceTree = "<group>"; };
		8E57597ADC1892C2A3302D59 /* SettingsView.swift */ = {isa = PBXFileReference; lastKnownFileType = sourcecode.swift; path = SettingsView.swift; sourceTree = "<group>"; };
		912EE91A07F1ADFB32DFE87B /* VoiceSessionLog.swift */ = {isa = PBXFileReference; lastKnownFileType = sourcecode.swift; path = VoiceSessionLog.swift; sourceTree = "<group>"; };
		C8919F27D2EE8847CFD340C1 /* Info.plist */ = {isa = PBXFileReference; lastKnownFileType = text.plist; path = Info.plist; sourceTree = "<group>"; };
		D2D7BA4B72786599650E82D7 /* AIEnglishTutorTests.xctest */ = {isa = PBXFileReference; includeInIndex = 0; lastKnownFileType = wrapper.cfbundle; path = AIEnglishTutorTests.xctest; sourceTree = BUILT_PRODUCTS_DIR; };
		D5384EA4FF51830A4AD61BED /* PracticePreparationService.swift */ = {isa = PBXFileReference; lastKnownFileType = sourcecode.swift; path = PracticePreparationService.swift; sourceTree = "<group>"; };
		DDD7624A44760F9260036699 /* PracticeSelection.swift */ = {isa = PBXFileReference; lastKnownFileType = sourcecode.swift; path = PracticeSelection.swift; sourceTree = "<group>"; };
		E2A144A850728FE4982B6219 /* RealtimeVoiceServiceTests.swift */ = {isa = PBXFileReference; lastKnownFileType = sourcecode.swift; path = RealtimeVoiceServiceTests.swift; sourceTree = "<group>"; };
		E5BD36E9ED91E13BD8BDA035 /* AuthService.swift */ = {isa = PBXFileReference; lastKnownFileType = sourcecode.swift; path = AuthService.swift; sourceTree = "<group>"; };
		EEEC45121AE70D5C808BA417 /* PracticePreparationServiceTests.swift */ = {isa = PBXFileReference; lastKnownFileType = sourcecode.swift; path = PracticePreparationServiceTests.swift; sourceTree = "<group>"; };
		F5F01E3672BDFF0EA0AD52F3 /* MainVoiceChatView.swift */ = {isa = PBXFileReference; lastKnownFileType = sourcecode.swift; path = MainVoiceChatView.swift; sourceTree = "<group>"; };
		F9D8ABCFD2810006D218FCAE /* VoiceOrbView.swift */ = {isa = PBXFileReference; lastKnownFileType = sourcecode.swift; path = VoiceOrbView.swift; sourceTree = "<group>"; };
		FD1DFFB72A5A7C5CF2B11ECD /* RealtimeVoiceService.swift */ = {isa = PBXFileReference; lastKnownFileType = sourcecode.swift; path = RealtimeVoiceService.swift; sourceTree = "<group>"; };
/* End PBXFileReference section */

/* Begin PBXGroup section */
		4DD8DE98AEBD0389D0A6AACE = {
			isa = PBXGroup;
			children = (
				B262CBACD4CE306D80C8FD16 /* AIEnglishTutor */,
				8C1071F0D8957814910C23B1 /* AIEnglishTutorTests */,
				F2D073F589ADBCE5C30835D3 /* Products */,
			);
			sourceTree = "<group>";
		};
		7EBBFB219D715DF3598CD7C1 /* Views */ = {
			isa = PBXGroup;
			children = (
				F5F01E3672BDFF0EA0AD52F3 /* MainVoiceChatView.swift */,
				8E57597ADC1892C2A3302D59 /* SettingsView.swift */,
				A41900F52B0DD8064BF0E8C7 /* Components */,
			);
			path = Views;
			sourceTree = "<group>";
		};
		8078A82483B3E58FF615A5F6 /* Resources */ = {
			isa = PBXGroup;
			children = (
				C8919F27D2EE8847CFD340C1 /* Info.plist */,
			);
			path = Resources;
			sourceTree = "<group>";
		};
		8C1071F0D8957814910C23B1 /* AIEnglishTutorTests */ = {
			isa = PBXGroup;
			children = (
				29A26F73BC256DAE290D8166 /* AIEnglishTutorTests.swift */,
				18DD3D2A079F481E486890FA /* MarkdownStoreTests.swift */,
				EEEC45121AE70D5C808BA417 /* PracticePreparationServiceTests.swift */,
				172D38D034E529DFBFCCA927 /* PracticeRecordServiceTests.swift */,
				E2A144A850728FE4982B6219 /* RealtimeVoiceServiceTests.swift */,
			);
			path = AIEnglishTutorTests;
			sourceTree = "<group>";
		};
		8C20D2C9CDDF80FA42913221 /* Models */ = {
			isa = PBXGroup;
			children = (
				36BB086E7B7D5DC2E0446848 /* MarkdownDocument.swift */,
				8D542AD9039BE3B0D02F8CE2 /* PracticeRecord.swift */,
				DDD7624A44760F9260036699 /* PracticeSelection.swift */,
				912EE91A07F1ADFB32DFE87B /* VoiceSessionLog.swift */,
			);
			path = Models;
			sourceTree = "<group>";
		};
		9E4C148D5F9F219F34A51F7B /* Services */ = {
			isa = PBXGroup;
			children = (
				E5BD36E9ED91E13BD8BDA035 /* AuthService.swift */,
				0FDFBD5C4916BE205C5E10D8 /* MarkdownStore.swift */,
				D5384EA4FF51830A4AD61BED /* PracticePreparationService.swift */,
				558E23115CF313DC28E11898 /* PracticeRecordService.swift */,
				FD1DFFB72A5A7C5CF2B11ECD /* RealtimeVoiceService.swift */,
			);
			path = Services;
			sourceTree = "<group>";
		};
		A41900F52B0DD8064BF0E8C7 /* Components */ = {
			isa = PBXGroup;
			children = (
				059630DEC81397E95A7229F8 /* StatusPillView.swift */,
				F9D8ABCFD2810006D218FCAE /* VoiceOrbView.swift */,
			);
			path = Components;
			sourceTree = "<group>";
		};
		B262CBACD4CE306D80C8FD16 /* AIEnglishTutor */ = {
			isa = PBXGroup;
			children = (
				227A5800DFDECC531FB38D30 /* AIEnglishTutorApp.swift */,
				127C402D83001886C2A0DCF5 /* AppModel.swift */,
				8C20D2C9CDDF80FA42913221 /* Models */,
				8078A82483B3E58FF615A5F6 /* Resources */,
				9E4C148D5F9F219F34A51F7B /* Services */,
				7EBBFB219D715DF3598CD7C1 /* Views */,
			);
			path = AIEnglishTutor;
			sourceTree = "<group>";
		};
		F2D073F589ADBCE5C30835D3 /* Products */ = {
			isa = PBXGroup;
			children = (
				386E993C4260A39455BBBD0D /* AIEnglishTutor.app */,
				D2D7BA4B72786599650E82D7 /* AIEnglishTutorTests.xctest */,
			);
			name = Products;
			sourceTree = "<group>";
		};
/* End PBXGroup section */

/* Begin PBXNativeTarget section */
		11063C9791F2F0A3CCAFE1EB /* AIEnglishTutorTests */ = {
			isa = PBXNativeTarget;
			buildConfigurationList = D756ED5D0500982A9239DFF6 /* Build configuration list for PBXNativeTarget "AIEnglishTutorTests" */;
			buildPhases = (
				F60B3531F47B0B9064B64CB0 /* Sources */,
			);
			buildRules = (
			);
			dependencies = (
				27E8D26DF65467EB6C7EFC66 /* PBXTargetDependency */,
			);
			name = AIEnglishTutorTests;
			packageProductDependencies = (
			);
			productName = AIEnglishTutorTests;
			productReference = D2D7BA4B72786599650E82D7 /* AIEnglishTutorTests.xctest */;
			productType = "com.apple.product-type.bundle.unit-test";
		};
		404B38ECA9C9C27A34E47BD4 /* AIEnglishTutor */ = {
			isa = PBXNativeTarget;
			buildConfigurationList = 76479C798E1B01398AD86061 /* Build configuration list for PBXNativeTarget "AIEnglishTutor" */;
			buildPhases = (
				D09B07020452C29FEFD9CB7F /* Sources */,
			);
			buildRules = (
			);
			dependencies = (
			);
			name = AIEnglishTutor;
			packageProductDependencies = (
			);
			productName = AIEnglishTutor;
			productReference = 386E993C4260A39455BBBD0D /* AIEnglishTutor.app */;
			productType = "com.apple.product-type.application";
		};
/* End PBXNativeTarget section */

/* Begin PBXProject section */
		D1A4ED467808944F0C7172E9 /* Project object */ = {
			isa = PBXProject;
			attributes = {
				BuildIndependentTargetsInParallel = YES;
				LastUpgradeCheck = 1430;
				TargetAttributes = {
				};
			};
			buildConfigurationList = 827A4F0CB11D1562ABB583BE /* Build configuration list for PBXProject "AIEnglishTutor" */;
			developmentRegion = en;
			hasScannedForEncodings = 0;
			knownRegions = (
				Base,
				en,
			);
			mainGroup = 4DD8DE98AEBD0389D0A6AACE;
			minimizedProjectReferenceProxies = 1;
			preferredProjectObjectVersion = 77;
			productRefGroup = F2D073F589ADBCE5C30835D3 /* Products */;
			projectDirPath = "";
			projectRoot = "";
			targets = (
				404B38ECA9C9C27A34E47BD4 /* AIEnglishTutor */,
				11063C9791F2F0A3CCAFE1EB /* AIEnglishTutorTests */,
			);
		};
/* End PBXProject section */

/* Begin PBXSourcesBuildPhase section */
		D09B07020452C29FEFD9CB7F /* Sources */ = {
			isa = PBXSourcesBuildPhase;
			buildActionMask = 2147483647;
			files = (
				205146FD2EF85C65309FC22A /* AIEnglishTutorApp.swift in Sources */,
				1A4FBB7395B4678F36FBC913 /* AppModel.swift in Sources */,
				6D79F11550A29AB40C9965CA /* AuthService.swift in Sources */,
				BA07D80E71E94C92E7A0FB95 /* MainVoiceChatView.swift in Sources */,
				30F4EEB991E72ED63538DD30 /* MarkdownDocument.swift in Sources */,
				ED79214C0BA2630F44EDE077 /* MarkdownStore.swift in Sources */,
				5D4D0EE2139C0DE5368FEE92 /* PracticePreparationService.swift in Sources */,
				5D8E196578E1247D18429426 /* PracticeRecord.swift in Sources */,
				34E408064E260A5C0E77986B /* PracticeRecordService.swift in Sources */,
				E9332CE80A144120908C5B4C /* PracticeSelection.swift in Sources */,
				D1B7A1CC7C30688AB1EADA0E /* RealtimeVoiceService.swift in Sources */,
				CF76A335F201FEDDA48D6BA9 /* SettingsView.swift in Sources */,
				25DF7F9B9FB72E394F3D37F0 /* StatusPillView.swift in Sources */,
				28D9F70ECE4C43C77CA52B9E /* VoiceOrbView.swift in Sources */,
				C25FD133C8D176C2CF5706B2 /* VoiceSessionLog.swift in Sources */,
			);
			runOnlyForDeploymentPostprocessing = 0;
		};
		F60B3531F47B0B9064B64CB0 /* Sources */ = {
			isa = PBXSourcesBuildPhase;
			buildActionMask = 2147483647;
			files = (
				98C01F58856C2B591088A3F8 /* AIEnglishTutorTests.swift in Sources */,
				54A6FACC64D39EC45A234EAB /* MarkdownStoreTests.swift in Sources */,
				C08DE70F19E87D9C4354BE95 /* PracticePreparationServiceTests.swift in Sources */,
				8EB28C12FFA8A8C320ECC1F7 /* PracticeRecordServiceTests.swift in Sources */,
				9CA5AF0052DFB0D0E890409D /* RealtimeVoiceServiceTests.swift in Sources */,
			);
			runOnlyForDeploymentPostprocessing = 0;
		};
/* End PBXSourcesBuildPhase section */

/* Begin PBXTargetDependency section */
		27E8D26DF65467EB6C7EFC66 /* PBXTargetDependency */ = {
			isa = PBXTargetDependency;
			target = 404B38ECA9C9C27A34E47BD4 /* AIEnglishTutor */;
			targetProxy = 31430C9519923BCB13B33EE3 /* PBXContainerItemProxy */;
		};
/* End PBXTargetDependency section */

/* Begin XCBuildConfiguration section */
		007B5D36E38DA64A2F1D985A /* Debug */ = {
			isa = XCBuildConfiguration;
			buildSettings = {
				BUNDLE_LOADER = "$(TEST_HOST)";
				GENERATE_INFOPLIST_FILE = YES;
				LD_RUNPATH_SEARCH_PATHS = (
					"$(inherited)",
					"@executable_path/Frameworks",
					"@loader_path/Frameworks",
				);
				PRODUCT_BUNDLE_IDENTIFIER = com.zjc.AIEnglishTutorTests;
				SDKROOT = iphoneos;
				TARGETED_DEVICE_FAMILY = "1,2";
				TEST_HOST = "$(BUILT_PRODUCTS_DIR)/AIEnglishTutor.app/AIEnglishTutor";
			};
			name = Debug;
		};
		7824D5169ACD36C7D7B7FEB9 /* Release */ = {
			isa = XCBuildConfiguration;
			buildSettings = {
				BUNDLE_LOADER = "$(TEST_HOST)";
				GENERATE_INFOPLIST_FILE = YES;
				LD_RUNPATH_SEARCH_PATHS = (
					"$(inherited)",
					"@executable_path/Frameworks",
					"@loader_path/Frameworks",
				);
				PRODUCT_BUNDLE_IDENTIFIER = com.zjc.AIEnglishTutorTests;
				SDKROOT = iphoneos;
				TARGETED_DEVICE_FAMILY = "1,2";
				TEST_HOST = "$(BUILT_PRODUCTS_DIR)/AIEnglishTutor.app/AIEnglishTutor";
			};
			name = Release;
		};
		8ED51C0551A4544F0B2E512D /* Debug */ = {
			isa = XCBuildConfiguration;
			buildSettings = {
				ASSETCATALOG_COMPILER_APPICON_NAME = AppIcon;
				CODE_SIGN_IDENTITY = "iPhone Developer";
				INFOPLIST_FILE = AIEnglishTutor/Resources/Info.plist;
				LD_RUNPATH_SEARCH_PATHS = (
					"$(inherited)",
					"@executable_path/Frameworks",
				);
				PRODUCT_BUNDLE_IDENTIFIER = com.zjc.AIEnglishTutor;
				SDKROOT = iphoneos;
				TARGETED_DEVICE_FAMILY = "1,2";
			};
			name = Debug;
		};
		BE5BB21FD82E090EDF59F2E6 /* Debug */ = {
			isa = XCBuildConfiguration;
			buildSettings = {
				ALWAYS_SEARCH_USER_PATHS = NO;
				CLANG_ANALYZER_NONNULL = YES;
				CLANG_ANALYZER_NUMBER_OBJECT_CONVERSION = YES_AGGRESSIVE;
				CLANG_CXX_LANGUAGE_STANDARD = "gnu++14";
				CLANG_CXX_LIBRARY = "libc++";
				CLANG_ENABLE_MODULES = YES;
				CLANG_ENABLE_OBJC_ARC = YES;
				CLANG_ENABLE_OBJC_WEAK = YES;
				CLANG_WARN_BLOCK_CAPTURE_AUTORELEASING = YES;
				CLANG_WARN_BOOL_CONVERSION = YES;
				CLANG_WARN_COMMA = YES;
				CLANG_WARN_CONSTANT_CONVERSION = YES;
				CLANG_WARN_DEPRECATED_OBJC_IMPLEMENTATIONS = YES;
				CLANG_WARN_DIRECT_OBJC_ISA_USAGE = YES_ERROR;
				CLANG_WARN_DOCUMENTATION_COMMENTS = YES;
				CLANG_WARN_EMPTY_BODY = YES;
				CLANG_WARN_ENUM_CONVERSION = YES;
				CLANG_WARN_INFINITE_RECURSION = YES;
				CLANG_WARN_INT_CONVERSION = YES;
				CLANG_WARN_NON_LITERAL_NULL_CONVERSION = YES;
				CLANG_WARN_OBJC_IMPLICIT_RETAIN_SELF = YES;
				CLANG_WARN_OBJC_LITERAL_CONVERSION = YES;
				CLANG_WARN_OBJC_ROOT_CLASS = YES_ERROR;
				CLANG_WARN_QUOTED_INCLUDE_IN_FRAMEWORK_HEADER = YES;
				CLANG_WARN_RANGE_LOOP_ANALYSIS = YES;
				CLANG_WARN_STRICT_PROTOTYPES = YES;
				CLANG_WARN_SUSPICIOUS_MOVE = YES;
				CLANG_WARN_UNGUARDED_AVAILABILITY = YES_AGGRESSIVE;
				CLANG_WARN_UNREACHABLE_CODE = YES;
				CLANG_WARN__DUPLICATE_METHOD_MATCH = YES;
				COPY_PHASE_STRIP = NO;
				DEBUG_INFORMATION_FORMAT = dwarf;
				ENABLE_STRICT_OBJC_MSGSEND = YES;
				ENABLE_TESTABILITY = YES;
				GCC_C_LANGUAGE_STANDARD = gnu11;
				GCC_DYNAMIC_NO_PIC = NO;
				GCC_NO_COMMON_BLOCKS = YES;
				GCC_OPTIMIZATION_LEVEL = 0;
				GCC_PREPROCESSOR_DEFINITIONS = (
					"$(inherited)",
					"DEBUG=1",
				);
				GCC_WARN_64_TO_32_BIT_CONVERSION = YES;
				GCC_WARN_ABOUT_RETURN_TYPE = YES_ERROR;
				GCC_WARN_UNDECLARED_SELECTOR = YES;
				GCC_WARN_UNINITIALIZED_AUTOS = YES_AGGRESSIVE;
				GCC_WARN_UNUSED_FUNCTION = YES;
				GCC_WARN_UNUSED_VARIABLE = YES;
				IPHONEOS_DEPLOYMENT_TARGET = 18.0;
				MTL_ENABLE_DEBUG_INFO = INCLUDE_SOURCE;
				MTL_FAST_MATH = YES;
				ONLY_ACTIVE_ARCH = YES;
				PRODUCT_NAME = "$(TARGET_NAME)";
				SDKROOT = iphoneos;
				SWIFT_ACTIVE_COMPILATION_CONDITIONS = DEBUG;
				SWIFT_OPTIMIZATION_LEVEL = "-Onone";
				SWIFT_VERSION = 6.0;
			};
			name = Debug;
		};
		D93BEE8FC37A66E720E7B899 /* Release */ = {
			isa = XCBuildConfiguration;
			buildSettings = {
				ASSETCATALOG_COMPILER_APPICON_NAME = AppIcon;
				CODE_SIGN_IDENTITY = "iPhone Developer";
				INFOPLIST_FILE = AIEnglishTutor/Resources/Info.plist;
				LD_RUNPATH_SEARCH_PATHS = (
					"$(inherited)",
					"@executable_path/Frameworks",
				);
				PRODUCT_BUNDLE_IDENTIFIER = com.zjc.AIEnglishTutor;
				SDKROOT = iphoneos;
				TARGETED_DEVICE_FAMILY = "1,2";
			};
			name = Release;
		};
		DA7DBBA6DB862DCDCBFD2C6D /* Release */ = {
			isa = XCBuildConfiguration;
			buildSettings = {
				ALWAYS_SEARCH_USER_PATHS = NO;
				CLANG_ANALYZER_NONNULL = YES;
				CLANG_ANALYZER_NUMBER_OBJECT_CONVERSION = YES_AGGRESSIVE;
				CLANG_CXX_LANGUAGE_STANDARD = "gnu++14";
				CLANG_CXX_LIBRARY = "libc++";
				CLANG_ENABLE_MODULES = YES;
				CLANG_ENABLE_OBJC_ARC = YES;
				CLANG_ENABLE_OBJC_WEAK = YES;
				CLANG_WARN_BLOCK_CAPTURE_AUTORELEASING = YES;
				CLANG_WARN_BOOL_CONVERSION = YES;
				CLANG_WARN_COMMA = YES;
				CLANG_WARN_CONSTANT_CONVERSION = YES;
				CLANG_WARN_DEPRECATED_OBJC_IMPLEMENTATIONS = YES;
				CLANG_WARN_DIRECT_OBJC_ISA_USAGE = YES_ERROR;
				CLANG_WARN_DOCUMENTATION_COMMENTS = YES;
				CLANG_WARN_EMPTY_BODY = YES;
				CLANG_WARN_ENUM_CONVERSION = YES;
				CLANG_WARN_INFINITE_RECURSION = YES;
				CLANG_WARN_INT_CONVERSION = YES;
				CLANG_WARN_NON_LITERAL_NULL_CONVERSION = YES;
				CLANG_WARN_OBJC_IMPLICIT_RETAIN_SELF = YES;
				CLANG_WARN_OBJC_LITERAL_CONVERSION = YES;
				CLANG_WARN_OBJC_ROOT_CLASS = YES_ERROR;
				CLANG_WARN_QUOTED_INCLUDE_IN_FRAMEWORK_HEADER = YES;
				CLANG_WARN_RANGE_LOOP_ANALYSIS = YES;
				CLANG_WARN_STRICT_PROTOTYPES = YES;
				CLANG_WARN_SUSPICIOUS_MOVE = YES;
				CLANG_WARN_UNGUARDED_AVAILABILITY = YES_AGGRESSIVE;
				CLANG_WARN_UNREACHABLE_CODE = YES;
				CLANG_WARN__DUPLICATE_METHOD_MATCH = YES;
				COPY_PHASE_STRIP = NO;
				DEBUG_INFORMATION_FORMAT = "dwarf-with-dsym";
				ENABLE_NS_ASSERTIONS = NO;
				ENABLE_STRICT_OBJC_MSGSEND = YES;
				GCC_C_LANGUAGE_STANDARD = gnu11;
				GCC_NO_COMMON_BLOCKS = YES;
				GCC_WARN_64_TO_32_BIT_CONVERSION = YES;
				GCC_WARN_ABOUT_RETURN_TYPE = YES_ERROR;
				GCC_WARN_UNDECLARED_SELECTOR = YES;
				GCC_WARN_UNINITIALIZED_AUTOS = YES_AGGRESSIVE;
				GCC_WARN_UNUSED_FUNCTION = YES;
				GCC_WARN_UNUSED_VARIABLE = YES;
				IPHONEOS_DEPLOYMENT_TARGET = 18.0;
				MTL_ENABLE_DEBUG_INFO = NO;
				MTL_FAST_MATH = YES;
				PRODUCT_NAME = "$(TARGET_NAME)";
				SDKROOT = iphoneos;
				SWIFT_COMPILATION_MODE = wholemodule;
				SWIFT_OPTIMIZATION_LEVEL = "-O";
				SWIFT_VERSION = 6.0;
			};
			name = Release;
		};
/* End XCBuildConfiguration section */

/* Begin XCConfigurationList section */
		76479C798E1B01398AD86061 /* Build configuration list for PBXNativeTarget "AIEnglishTutor" */ = {
			isa = XCConfigurationList;
			buildConfigurations = (
				8ED51C0551A4544F0B2E512D /* Debug */,
				D93BEE8FC37A66E720E7B899 /* Release */,
			);
			defaultConfigurationIsVisible = 0;
			defaultConfigurationName = Debug;
		};
		827A4F0CB11D1562ABB583BE /* Build configuration list for PBXProject "AIEnglishTutor" */ = {
			isa = XCConfigurationList;
			buildConfigurations = (
				BE5BB21FD82E090EDF59F2E6 /* Debug */,
				DA7DBBA6DB862DCDCBFD2C6D /* Release */,
			);
			defaultConfigurationIsVisible = 0;
			defaultConfigurationName = Debug;
		};
		D756ED5D0500982A9239DFF6 /* Build configuration list for PBXNativeTarget "AIEnglishTutorTests" */ = {
			isa = XCConfigurationList;
			buildConfigurations = (
				007B5D36E38DA64A2F1D985A /* Debug */,
				7824D5169ACD36C7D7B7FEB9 /* Release */,
			);
			defaultConfigurationIsVisible = 0;
			defaultConfigurationName = Debug;
		};
/* End XCConfigurationList section */
	};
	rootObject = D1A4ED467808944F0C7172E9 /* Project object */;
}
